
Microsoft Visual Studio Solution File, Format Version 12.00
# Visual Studio Version 16
VisualStudioVersion = 16.0.29209.62
MinimumVisualStudioVersion = 10.0.40219.1
Project("{9A19103F-16F7-4668-BE54-9A1E7A4F7556}") = "BrandHub.Data.EF", "BrandHub.Data.EF\BrandHub.Data.EF.csproj", "{EC7B23C6-CCD0-4936-9248-9C6D1A18A9CD}"
EndProject
Project("{9A19103F-16F7-4668-BE54-9A1E7A4F7556}") = "BrandHub.Models", "BrandHub.Models\BrandHub.Models.csproj", "{DBDDCE5C-A2E3-4715-B7B1-F370C33E30F3}"
EndProject
Project("{9A19103F-16F7-4668-BE54-9A1E7A4F7556}") = "BrandHub.Services", "BrandHub.Services\BrandHub.Services.csproj", "{7EA2A7DA-FB2B-496A-BB4C-6DD59E799960}"
EndProject
Project("{9A19103F-16F7-4668-BE54-9A1E7A4F7556}") = "BrandHub.Framework", "BrandHub.Framework\BrandHub.Framework.csproj", "{D70C3997-DDEC-4F61-B782-2B0BB2875F89}"
EndProject
Project("{9A19103F-16F7-4668-BE54-9A1E7A4F7556}") = "BrandHub.CMS.Api", "BrandHub.CMS.Api\BrandHub.CMS.Api.csproj", "{FB9B7279-F09C-4F16-826B-AA6FBE5246C6}"
EndProject
Project("{9A19103F-16F7-4668-BE54-9A1E7A4F7556}") = "BrandHub.Utilities", "BrandHub.Utilities\BrandHub.Utilities.csproj", "{5D1CEB23-B01D-40A5-9E76-0CF6B2F7A887}"
EndProject
Project("{FAE04EC0-301F-11D3-BF4B-00C04F79EFBC}") = "BrandHub.Tools", "BrandHub.Tools\BrandHub.Tools.csproj", "{556AB066-F6D6-4427-922B-03613CCC2D09}"
EndProject
Project("{E24C65DC-7377-472B-9ABA-BC803B73C61A}") = "brandhub-cms", "BrandHub.CMS.Presentation\brandhub-cms\", "{D4F6071C-E83E-49FF-9BE0-B7A5E2511154}"
	ProjectSection(WebsiteProperties) = preProject
		TargetFrameworkMoniker = ".NETFramework,Version%3Dv4.0"
		Debug.AspNetCompiler.VirtualPath = "/localhost_50346"
		Debug.AspNetCompiler.PhysicalPath = "BrandHub.CMS.Presentation\brandhub-cms\"
		Debug.AspNetCompiler.TargetPath = "PrecompiledWeb\localhost_50346\"
		Debug.AspNetCompiler.Updateable = "true"
		Debug.AspNetCompiler.ForceOverwrite = "true"
		Debug.AspNetCompiler.FixedNames = "false"
		Debug.AspNetCompiler.Debug = "True"
		Release.AspNetCompiler.VirtualPath = "/localhost_50346"
		Release.AspNetCompiler.PhysicalPath = "BrandHub.CMS.Presentation\brandhub-cms\"
		Release.AspNetCompiler.TargetPath = "PrecompiledWeb\localhost_50346\"
		Release.AspNetCompiler.Updateable = "true"
		Release.AspNetCompiler.ForceOverwrite = "true"
		Release.AspNetCompiler.FixedNames = "false"
		Release.AspNetCompiler.Debug = "False"
		VWDPort = "50346"
	EndProjectSection
EndProject
Global
	GlobalSection(SolutionConfigurationPlatforms) = preSolution
		Debug|Any CPU = Debug|Any CPU
		Release|Any CPU = Release|Any CPU
	EndGlobalSection
	GlobalSection(ProjectConfigurationPlatforms) = postSolution
		{EC7B23C6-CCD0-4936-9248-9C6D1A18A9CD}.Debug|Any CPU.ActiveCfg = Debug|Any CPU
		{EC7B23C6-CCD0-4936-9248-9C6D1A18A9CD}.Debug|Any CPU.Build.0 = Debug|Any CPU
		{EC7B23C6-CCD0-4936-9248-9C6D1A18A9CD}.Release|Any CPU.ActiveCfg = Release|Any CPU
		{EC7B23C6-CCD0-4936-9248-9C6D1A18A9CD}.Release|Any CPU.Build.0 = Release|Any CPU
		{DBDDCE5C-A2E3-4715-B7B1-F370C33E30F3}.Debug|Any CPU.ActiveCfg = Debug|Any CPU
		{DBDDCE5C-A2E3-4715-B7B1-F370C33E30F3}.Debug|Any CPU.Build.0 = Debug|Any CPU
		{DBDDCE5C-A2E3-4715-B7B1-F370C33E30F3}.Release|Any CPU.ActiveCfg = Release|Any CPU
		{DBDDCE5C-A2E3-4715-B7B1-F370C33E30F3}.Release|Any CPU.Build.0 = Release|Any CPU
		{7EA2A7DA-FB2B-496A-BB4C-6DD59E799960}.Debug|Any CPU.ActiveCfg = Debug|Any CPU
		{7EA2A7DA-FB2B-496A-BB4C-6DD59E799960}.Debug|Any CPU.Build.0 = Debug|Any CPU
		{7EA2A7DA-FB2B-496A-BB4C-6DD59E799960}.Release|Any CPU.ActiveCfg = Release|Any CPU
		{7EA2A7DA-FB2B-496A-BB4C-6DD59E799960}.Release|Any CPU.Build.0 = Release|Any CPU
		{D70C3997-DDEC-4F61-B782-2B0BB2875F89}.Debug|Any CPU.ActiveCfg = Debug|Any CPU
		{D70C3997-DDEC-4F61-B782-2B0BB2875F89}.Debug|Any CPU.Build.0 = Debug|Any CPU
		{D70C3997-DDEC-4F61-B782-2B0BB2875F89}.Release|Any CPU.ActiveCfg = Release|Any CPU
		{D70C3997-DDEC-4F61-B782-2B0BB2875F89}.Release|Any CPU.Build.0 = Release|Any CPU
		{FB9B7279-F09C-4F16-826B-AA6FBE5246C6}.Debug|Any CPU.ActiveCfg = Debug|Any CPU
		{FB9B7279-F09C-4F16-826B-AA6FBE5246C6}.Debug|Any CPU.Build.0 = Debug|Any CPU
		{FB9B7279-F09C-4F16-826B-AA6FBE5246C6}.Release|Any CPU.ActiveCfg = Release|Any CPU
		{FB9B7279-F09C-4F16-826B-AA6FBE5246C6}.Release|Any CPU.Build.0 = Release|Any CPU
		{5D1CEB23-B01D-40A5-9E76-0CF6B2F7A887}.Debug|Any CPU.ActiveCfg = Debug|Any CPU
		{5D1CEB23-B01D-40A5-9E76-0CF6B2F7A887}.Debug|Any CPU.Build.0 = Debug|Any CPU
		{5D1CEB23-B01D-40A5-9E76-0CF6B2F7A887}.Release|Any CPU.ActiveCfg = Release|Any CPU
		{5D1CEB23-B01D-40A5-9E76-0CF6B2F7A887}.Release|Any CPU.Build.0 = Release|Any CPU
		{556AB066-F6D6-4427-922B-03613CCC2D09}.Debug|Any CPU.ActiveCfg = Debug|Any CPU
		{556AB066-F6D6-4427-922B-03613CCC2D09}.Debug|Any CPU.Build.0 = Debug|Any CPU
		{556AB066-F6D6-4427-922B-03613CCC2D09}.Release|Any CPU.ActiveCfg = Release|Any CPU
		{556AB066-F6D6-4427-922B-03613CCC2D09}.Release|Any CPU.Build.0 = Release|Any CPU
		{D4F6071C-E83E-49FF-9BE0-B7A5E2511154}.Debug|Any CPU.ActiveCfg = Debug|Any CPU
		{D4F6071C-E83E-49FF-9BE0-B7A5E2511154}.Debug|Any CPU.Build.0 = Debug|Any CPU
		{D4F6071C-E83E-49FF-9BE0-B7A5E2511154}.Release|Any CPU.ActiveCfg = Debug|Any CPU
		{D4F6071C-E83E-49FF-9BE0-B7A5E2511154}.Release|Any CPU.Build.0 = Debug|Any CPU
	EndGlobalSection
	GlobalSection(SolutionProperties) = preSolution
		HideSolutionNode = FALSE
	EndGlobalSection
	GlobalSection(ExtensibilityGlobals) = postSolution
		SolutionGuid = {289B7132-BBB4-47CF-8531-57586863BE9A}
	EndGlobalSection
EndGlobal
